
Microsoft Visual Studio Solution File, Format Version 12.00
# Visual Studio Version 17
VisualStudioVersion = 17.11.35327.3
MinimumVisualStudioVersion = 10.0.40219.1
Project("{FAE04EC0-301F-11D3-BF4B-00C04F79EFBC}") = "AppAtusPiesPr", "AppAtusPiesPr\AppAtusPiesPr.csproj", "{4CAA422E-73B8-4665-8920-741BD85292D0}"
EndProject
Global
	GlobalSection(SolutionConfigurationPlatforms) = preSolution
		Debug|Any CPU = Debug|Any CPU
		Release|Any CPU = Release|Any CPU
	EndGlobalSection
	GlobalSection(ProjectConfigurationPlatforms) = postSolution
		{4CAA422E-73B8-4665-8920-741BD85292D0}.Debug|Any CPU.ActiveCfg = Debug|Any CPU
		{4CAA422E-73B8-4665-8920-741BD85292D0}.Debug|Any CPU.Build.0 = Debug|Any CPU
		{4CAA422E-73B8-4665-8920-741BD85292D0}.Release|Any CPU.ActiveCfg = Release|Any CPU
		{4CAA422E-73B8-4665-8920-741BD85292D0}.Release|Any CPU.Build.0 = Release|Any CPU
	EndGlobalSection
	GlobalSection(SolutionProperties) = preSolution
		HideSolutionNode = FALSE
	EndGlobalSection
	GlobalSection(ExtensibilityGlobals) = postSolution
		SolutionGuid = {047EE49F-485F-456A-9554-AB81A57F7256}
	EndGlobalSection
EndGlobal
